// !$*UTF8*$!
{
	archiveVersion = 1;
	classes = {
	};
	objectVersion = 46;
	objects = {

/* Begin PBXBuildFile section */
		F513E9391A279AC900499F59 /* t1.png in Resources */ = {isa = PBXBuildFile; fileRef = F513E9381A279AC900499F59 /* t1.png */; };
		F51637721A271F9B00BE0515 /* Particle.cpp in Sources */ = {isa = PBXBuildFile; fileRef = F51637701A271F9B00BE0515 /* Particle.cpp */; };
		F547F3871A221EBC00DDFD18 /* Cocoa.framework in Frameworks */ = {isa = PBXBuildFile; fileRef = F547F3861A221EBC00DDFD18 /* Cocoa.framework */; };
		F547F3891A221ECA00DDFD18 /* CoreFoundation.framework in Frameworks */ = {isa = PBXBuildFile; fileRef = F547F3881A221ECA00DDFD18 /* CoreFoundation.framework */; };
		F547F38C1A221EE800DDFD18 /* SDL2_image.framework in Frameworks */ = {isa = PBXBuildFile; fileRef = F547F38A1A221EE800DDFD18 /* SDL2_image.framework */; };
		F547F38D1A221EE800DDFD18 /* SDL2.framework in Frameworks */ = {isa = PBXBuildFile; fileRef = F547F38B1A221EE800DDFD18 /* SDL2.framework */; };
		F547F3941A2220B100DDFD18 /* Camera.cpp in Sources */ = {isa = PBXBuildFile; fileRef = F547F3931A2220B100DDFD18 /* Camera.cpp */; };
		F547F39A1A22211D00DDFD18 /* coolArt.bmp in Resources */ = {isa = PBXBuildFile; fileRef = F547F3991A22211D00DDFD18 /* coolArt.bmp */; };
		F547F39C1A22212700DDFD18 /* GameManager.cpp in Sources */ = {isa = PBXBuildFile; fileRef = F547F39B1A22212700DDFD18 /* GameManager.cpp */; };
		F547F3A01A22213E00DDFD18 /* GameObject.cpp in Sources */ = {isa = PBXBuildFile; fileRef = F547F39E1A22213E00DDFD18 /* GameObject.cpp */; };
		F547F3A51A22214B00DDFD18 /* jsoncpp.cpp in Sources */ = {isa = PBXBuildFile; fileRef = F547F3A41A22214B00DDFD18 /* jsoncpp.cpp */; };
		F547F3A71A22215500DDFD18 /* main.cpp in Sources */ = {isa = PBXBuildFile; fileRef = F547F3A61A22215500DDFD18 /* main.cpp */; };
		F547F3AA1A22216100DDFD18 /* Scene.cpp in Sources */ = {isa = PBXBuildFile; fileRef = F547F3A81A22216100DDFD18 /* Scene.cpp */; };
		F547F3AD1A22217100DDFD18 /* TextureManager.cpp in Sources */ = {isa = PBXBuildFile; fileRef = F547F3AB1A22217100DDFD18 /* TextureManager.cpp */; };
		F547F3B01A22219000DDFD18 /* TileMap.cpp in Sources */ = {isa = PBXBuildFile; fileRef = F547F3AE1A22219000DDFD18 /* TileMap.cpp */; };
		F547F3B31A22219D00DDFD18 /* tileMap.json in Resources */ = {isa = PBXBuildFile; fileRef = F547F3B11A22219D00DDFD18 /* tileMap.json */; };
		F547F3B41A22219D00DDFD18 /* tileSet.png in Resources */ = {isa = PBXBuildFile; fileRef = F547F3B21A22219D00DDFD18 /* tileSet.png */; };
		F547F3B71A2221A700DDFD18 /* Vector2.cpp in Sources */ = {isa = PBXBuildFile; fileRef = F547F3B51A2221A700DDFD18 /* Vector2.cpp */; };
		F547F3BB1A22238000DDFD18 /* Info.plist in Resources */ = {isa = PBXBuildFile; fileRef = F547F3BA1A22238000DDFD18 /* Info.plist */; };
		F56306551A22759A0051FAA2 /* Plan.txt in Resources */ = {isa = PBXBuildFile; fileRef = F56306541A22759A0051FAA2 /* Plan.txt */; };
		F57A9BCE1A25C1130015F8A4 /* EventHandler.cpp in Sources */ = {isa = PBXBuildFile; fileRef = F57A9BCC1A25C1130015F8A4 /* EventHandler.cpp */; };
		F5C08D3F1A2622E4008EC115 /* t.png in Resources */ = {isa = PBXBuildFile; fileRef = F5C08D3E1A2622E4008EC115 /* t.png */; };
		F5CE661F1A276B2400DCE979 /* ParticleEmitter.cpp in Sources */ = {isa = PBXBuildFile; fileRef = F5CE661D1A276B2400DCE979 /* ParticleEmitter.cpp */; };
		F5EFA20F1A250D3900307D37 /* sp.png in Resources */ = {isa = PBXBuildFile; fileRef = F5EFA20E1A250D3900307D37 /* sp.png */; };
/* End PBXBuildFile section */

/* Begin PBXFileReference section */
		F513E9381A279AC900499F59 /* t1.png */ = {isa = PBXFileReference; lastKnownFileType = image.png; path = t1.png; sourceTree = "<group>"; };
		F51637701A271F9B00BE0515 /* Particle.cpp */ = {isa = PBXFileReference; fileEncoding = 4; lastKnownFileType = sourcecode.cpp.cpp; path = Particle.cpp; sourceTree = "<group>"; };
		F51637711A271F9B00BE0515 /* Particle.h */ = {isa = PBXFileReference; fileEncoding = 4; lastKnownFileType = sourcecode.c.h; path = Particle.h; sourceTree = "<group>"; };
		F547F3631A221E7000DDFD18 /* GameEngine.app */ = {isa = PBXFileReference; explicitFileType = wrapper.application; includeInIndex = 0; path = GameEngine.app; sourceTree = BUILT_PRODUCTS_DIR; };
		F547F3861A221EBC00DDFD18 /* Cocoa.framework */ = {isa = PBXFileReference; lastKnownFileType = wrapper.framework; name = Cocoa.framework; path = System/Library/Frameworks/Cocoa.framework; sourceTree = SDKROOT; };
		F547F3881A221ECA00DDFD18 /* CoreFoundation.framework */ = {isa = PBXFileReference; lastKnownFileType = wrapper.framework; name = CoreFoundation.framework; path = System/Library/Frameworks/CoreFoundation.framework; sourceTree = SDKROOT; };
		F547F38A1A221EE800DDFD18 /* SDL2_image.framework */ = {isa = PBXFileReference; lastKnownFileType = wrapper.framework; name = SDL2_image.framework; path = /Library/Frameworks/SDL2_image.framework; sourceTree = "<absolute>"; };
		F547F38B1A221EE800DDFD18 /* SDL2.framework */ = {isa = PBXFileReference; lastKnownFileType = wrapper.framework; name = SDL2.framework; path = /Library/Frameworks/SDL2.framework; sourceTree = "<absolute>"; };
		F547F3931A2220B100DDFD18 /* Camera.cpp */ = {isa = PBXFileReference; fileEncoding = 4; lastKnownFileType = sourcecode.cpp.cpp; path = Camera.cpp; sourceTree = "<group>"; };
		F547F3951A2220C400DDFD18 /* Camera.h */ = {isa = PBXFileReference; lastKnownFileType = sourcecode.c.h; path = Camera.h; sourceTree = "<group>"; };
		F547F3991A22211D00DDFD18 /* coolArt.bmp */ = {isa = PBXFileReference; lastKnownFileType = image.bmp; path = coolArt.bmp; sourceTree = "<group>"; };
		F547F39B1A22212700DDFD18 /* GameManager.cpp */ = {isa = PBXFileReference; fileEncoding = 4; lastKnownFileType = sourcecode.cpp.cpp; path = GameManager.cpp; sourceTree = "<group>"; };
		F547F39D1A22213300DDFD18 /* GameManager.h */ = {isa = PBXFileReference; lastKnownFileType = sourcecode.c.h; path = GameManager.h; sourceTree = "<group>"; };
		F547F39E1A22213E00DDFD18 /* GameObject.cpp */ = {isa = PBXFileReference; fileEncoding = 4; lastKnownFileType = sourcecode.cpp.cpp; path = GameObject.cpp; sourceTree = "<group>"; };
		F547F39F1A22213E00DDFD18 /* GameObject.h */ = {isa = PBXFileReference; fileEncoding = 4; lastKnownFileType = sourcecode.c.h; path = GameObject.h; sourceTree = "<group>"; };
		F547F3A21A22214B00DDFD18 /* json-forwards.h */ = {isa = PBXFileReference; fileEncoding = 4; lastKnownFileType = sourcecode.c.h; path = "json-forwards.h"; sourceTree = "<group>"; };
		F547F3A31A22214B00DDFD18 /* json.h */ = {isa = PBXFileReference; fileEncoding = 4; lastKnownFileType = sourcecode.c.h; path = json.h; sourceTree = "<group>"; };
		F547F3A41A22214B00DDFD18 /* jsoncpp.cpp */ = {isa = PBXFileReference; fileEncoding = 4; lastKnownFileType = sourcecode.cpp.cpp; path = jsoncpp.cpp; sourceTree = "<group>"; };
		F547F3A61A22215500DDFD18 /* main.cpp */ = {isa = PBXFileReference; fileEncoding = 4; lastKnownFileType = sourcecode.cpp.cpp; path = main.cpp; sourceTree = "<group>"; };
		F547F3A81A22216100DDFD18 /* Scene.cpp */ = {isa = PBXFileReference; fileEncoding = 4; lastKnownFileType = sourcecode.cpp.cpp; path = Scene.cpp; sourceTree = "<group>"; };
		F547F3A91A22216100DDFD18 /* Scene.h */ = {isa = PBXFileReference; fileEncoding = 4; lastKnownFileType = sourcecode.c.h; path = Scene.h; sourceTree = "<group>"; };
		F547F3AB1A22217100DDFD18 /* TextureManager.cpp */ = {isa = PBXFileReference; fileEncoding = 4; lastKnownFileType = sourcecode.cpp.cpp; path = TextureManager.cpp; sourceTree = "<group>"; };
		F547F3AC1A22217100DDFD18 /* TextureManager.h */ = {isa = PBXFileReference; fileEncoding = 4; lastKnownFileType = sourcecode.c.h; path = TextureManager.h; sourceTree = "<group>"; };
		F547F3AE1A22219000DDFD18 /* TileMap.cpp */ = {isa = PBXFileReference; fileEncoding = 4; lastKnownFileType = sourcecode.cpp.cpp; path = TileMap.cpp; sourceTree = "<group>"; };
		F547F3AF1A22219000DDFD18 /* TileMap.h */ = {isa = PBXFileReference; fileEncoding = 4; lastKnownFileType = sourcecode.c.h; path = TileMap.h; sourceTree = "<group>"; };
		F547F3B11A22219D00DDFD18 /* tileMap.json */ = {isa = PBXFileReference; fileEncoding = 4; lastKnownFileType = text.json; path = tileMap.json; sourceTree = "<group>"; };
		F547F3B21A22219D00DDFD18 /* tileSet.png */ = {isa = PBXFileReference; lastKnownFileType = image.png; path = tileSet.png; sourceTree = "<group>"; };
		F547F3B51A2221A700DDFD18 /* Vector2.cpp */ = {isa = PBXFileReference; fileEncoding = 4; lastKnownFileType = sourcecode.cpp.cpp; path = Vector2.cpp; sourceTree = "<group>"; };
		F547F3B61A2221A700DDFD18 /* Vector2.h */ = {isa = PBXFileReference; fileEncoding = 4; lastKnownFileType = sourcecode.c.h; path = Vector2.h; sourceTree = "<group>"; };
		F547F3BA1A22238000DDFD18 /* Info.plist */ = {isa = PBXFileReference; fileEncoding = 4; lastKnownFileType = text.plist.xml; path = Info.plist; sourceTree = "<group>"; };
		F56306541A22759A0051FAA2 /* Plan.txt */ = {isa = PBXFileReference; fileEncoding = 4; lastKnownFileType = text; path = Plan.txt; sourceTree = "<group>"; };
		F57A9BCC1A25C1130015F8A4 /* EventHandler.cpp */ = {isa = PBXFileReference; fileEncoding = 4; lastKnownFileType = sourcecode.cpp.cpp; path = EventHandler.cpp; sourceTree = "<group>"; };
		F57A9BCD1A25C1130015F8A4 /* EventHandler.h */ = {isa = PBXFileReference; fileEncoding = 4; lastKnownFileType = sourcecode.c.h; path = EventHandler.h; sourceTree = "<group>"; };
		F5C08D3D1A260B26008EC115 /* Tile.h */ = {isa = PBXFileReference; lastKnownFileType = sourcecode.c.h; path = Tile.h; sourceTree = "<group>"; };
		F5C08D3E1A2622E4008EC115 /* t.png */ = {isa = PBXFileReference; lastKnownFileType = image.png; path = t.png; sourceTree = "<group>"; };
		F5CE661D1A276B2400DCE979 /* ParticleEmitter.cpp */ = {isa = PBXFileReference; fileEncoding = 4; lastKnownFileType = sourcecode.cpp.cpp; path = ParticleEmitter.cpp; sourceTree = "<group>"; };
		F5CE661E1A276B2400DCE979 /* ParticleEmitter.h */ = {isa = PBXFileReference; fileEncoding = 4; lastKnownFileType = sourcecode.c.h; path = ParticleEmitter.h; sourceTree = "<group>"; };
		F5EFA20E1A250D3900307D37 /* sp.png */ = {isa = PBXFileReference; lastKnownFileType = image.png; path = sp.png; sourceTree = "<group>"; };
/* End PBXFileReference section */

/* Begin PBXFrameworksBuildPhase section */
		F547F3601A221E7000DDFD18 /* Frameworks */ = {
			isa = PBXFrameworksBuildPhase;
			buildActionMask = 2147483647;
			files = (
				F547F38C1A221EE800DDFD18 /* SDL2_image.framework in Frameworks */,
				F547F38D1A221EE800DDFD18 /* SDL2.framework in Frameworks */,
				F547F3891A221ECA00DDFD18 /* CoreFoundation.framework in Frameworks */,
				F547F3871A221EBC00DDFD18 /* Cocoa.framework in Frameworks */,
			);
			runOnlyForDeploymentPostprocessing = 0;
		};
/* End PBXFrameworksBuildPhase section */

/* Begin PBXGroup section */
		F547F35A1A221E7000DDFD18 = {
			isa = PBXGroup;
			children = (
				F547F3651A221E7000DDFD18 /* GameEngine */,
				F547F3641A221E7000DDFD18 /* Products */,
				F547F38E1A221EF800DDFD18 /* Frameworks */,
			);
			sourceTree = "<group>";
		};
		F547F3641A221E7000DDFD18 /* Products */ = {
			isa = PBXGroup;
			children = (
				F547F3631A221E7000DDFD18 /* GameEngine.app */,
			);
			name = Products;
			sourceTree = "<group>";
		};
		F547F3651A221E7000DDFD18 /* GameEngine */ = {
			isa = PBXGroup;
			children = (
				F547F3A11A22214B00DDFD18 /* json */,
				F547F3A41A22214B00DDFD18 /* jsoncpp.cpp */,
				F547F38F1A22203600DDFD18 /* Game */,
				F547F3901A22204000DDFD18 /* Engine */,
				F547F3661A221E7000DDFD18 /* Supporting Files */,
				F56306541A22759A0051FAA2 /* Plan.txt */,
			);
			path = GameEngine;
			sourceTree = "<group>";
		};
		F547F3661A221E7000DDFD18 /* Supporting Files */ = {
			isa = PBXGroup;
			children = (
				F547F3BA1A22238000DDFD18 /* Info.plist */,
			);
			name = "Supporting Files";
			sourceTree = "<group>";
		};
		F547F38E1A221EF800DDFD18 /* Frameworks */ = {
			isa = PBXGroup;
			children = (
				F547F38A1A221EE800DDFD18 /* SDL2_image.framework */,
				F547F38B1A221EE800DDFD18 /* SDL2.framework */,
				F547F3881A221ECA00DDFD18 /* CoreFoundation.framework */,
				F547F3861A221EBC00DDFD18 /* Cocoa.framework */,
			);
			name = Frameworks;
			sourceTree = "<group>";
		};
		F547F38F1A22203600DDFD18 /* Game */ = {
			isa = PBXGroup;
			children = (
				F547F3981A22211100DDFD18 /* Sources */,
				F547F3971A22210800DDFD18 /* Headers */,
				F547F3961A2220FC00DDFD18 /* Assets */,
			);
			name = Game;
			sourceTree = "<group>";
		};
		F547F3901A22204000DDFD18 /* Engine */ = {
			isa = PBXGroup;
			children = (
				F547F3911A22205600DDFD18 /* Headers */,
				F547F3921A22205E00DDFD18 /* Sources */,
			);
			name = Engine;
			sourceTree = "<group>";
		};
		F547F3911A22205600DDFD18 /* Headers */ = {
			isa = PBXGroup;
			children = (
				F547F3951A2220C400DDFD18 /* Camera.h */,
				F57A9BCD1A25C1130015F8A4 /* EventHandler.h */,
				F547F39D1A22213300DDFD18 /* GameManager.h */,
				F547F39F1A22213E00DDFD18 /* GameObject.h */,
				F547F3A91A22216100DDFD18 /* Scene.h */,
				F547F3AC1A22217100DDFD18 /* TextureManager.h */,
				F5C08D3D1A260B26008EC115 /* Tile.h */,
				F547F3AF1A22219000DDFD18 /* TileMap.h */,
				F547F3B61A2221A700DDFD18 /* Vector2.h */,
				F51637711A271F9B00BE0515 /* Particle.h */,
				F5CE661E1A276B2400DCE979 /* ParticleEmitter.h */,
			);
			name = Headers;
			sourceTree = "<group>";
		};
		F547F3921A22205E00DDFD18 /* Sources */ = {
			isa = PBXGroup;
			children = (
				F547F3931A2220B100DDFD18 /* Camera.cpp */,
				F57A9BCC1A25C1130015F8A4 /* EventHandler.cpp */,
				F547F39B1A22212700DDFD18 /* GameManager.cpp */,
				F547F39E1A22213E00DDFD18 /* GameObject.cpp */,
				F547F3A81A22216100DDFD18 /* Scene.cpp */,
				F547F3AB1A22217100DDFD18 /* TextureManager.cpp */,
				F547F3AE1A22219000DDFD18 /* TileMap.cpp */,
				F547F3B51A2221A700DDFD18 /* Vector2.cpp */,
				F51637701A271F9B00BE0515 /* Particle.cpp */,
				F5CE661D1A276B2400DCE979 /* ParticleEmitter.cpp */,
			);
			name = Sources;
			sourceTree = "<group>";
		};
		F547F3961A2220FC00DDFD18 /* Assets */ = {
			isa = PBXGroup;
			children = (
				F513E9381A279AC900499F59 /* t1.png */,
				F5C08D3E1A2622E4008EC115 /* t.png */,
				F5EFA20E1A250D3900307D37 /* sp.png */,
				F547F3991A22211D00DDFD18 /* coolArt.bmp */,
				F547F3B21A22219D00DDFD18 /* tileSet.png */,
				F547F3B11A22219D00DDFD18 /* tileMap.json */,
			);
			name = Assets;
			sourceTree = "<group>";
		};
		F547F3971A22210800DDFD18 /* Headers */ = {
			isa = PBXGroup;
			children = (
			);
			name = Headers;
			sourceTree = "<group>";
		};
		F547F3981A22211100DDFD18 /* Sources */ = {
			isa = PBXGroup;
			children = (
				F547F3A61A22215500DDFD18 /* main.cpp */,
			);
			name = Sources;
			sourceTree = "<group>";
		};
		F547F3A11A22214B00DDFD18 /* json */ = {
			isa = PBXGroup;
			children = (
				F547F3A21A22214B00DDFD18 /* json-forwards.h */,
				F547F3A31A22214B00DDFD18 /* json.h */,
			);
			path = json;
			sourceTree = "<group>";
		};
/* End PBXGroup section */

/* Begin PBXNativeTarget section */
		F547F3621A221E7000DDFD18 /* GameEngine */ = {
			isa = PBXNativeTarget;
			buildConfigurationList = F547F3801A221E7000DDFD18 /* Build configuration list for PBXNativeTarget "GameEngine" */;
			buildPhases = (
				F547F35F1A221E7000DDFD18 /* Sources */,
				F547F3601A221E7000DDFD18 /* Frameworks */,
				F547F3611A221E7000DDFD18 /* Resources */,
			);
			buildRules = (
			);
			dependencies = (
			);
			name = GameEngine;
			productName = GameEngine;
			productReference = F547F3631A221E7000DDFD18 /* GameEngine.app */;
			productType = "com.apple.product-type.application";
		};
/* End PBXNativeTarget section */

/* Begin PBXProject section */
		F547F35B1A221E7000DDFD18 /* Project object */ = {
			isa = PBXProject;
			attributes = {
				LastUpgradeCheck = 0610;
				ORGANIZATIONNAME = "Fedor Bobylev";
				TargetAttributes = {
					F547F3621A221E7000DDFD18 = {
						CreatedOnToolsVersion = 6.1;
					};
				};
			};
			buildConfigurationList = F547F35E1A221E7000DDFD18 /* Build configuration list for PBXProject "GameEngine" */;
			compatibilityVersion = "Xcode 3.2";
			developmentRegion = English;
			hasScannedForEncodings = 0;
			knownRegions = (
				en,
				Base,
			);
			mainGroup = F547F35A1A221E7000DDFD18;
			productRefGroup = F547F3641A221E7000DDFD18 /* Products */;
			projectDirPath = "";
			projectRoot = "";
			targets = (
				F547F3621A221E7000DDFD18 /* GameEngine */,
			);
		};
/* End PBXProject section */

/* Begin PBXResourcesBuildPhase section */
		F547F3611A221E7000DDFD18 /* Resources */ = {
			isa = PBXResourcesBuildPhase;
			buildActionMask = 2147483647;
			files = (
				F56306551A22759A0051FAA2 /* Plan.txt in Resources */,
				F547F3BB1A22238000DDFD18 /* Info.plist in Resources */,
				F547F3B31A22219D00DDFD18 /* tileMap.json in Resources */,
				F547F3B41A22219D00DDFD18 /* tileSet.png in Resources */,
				F5C08D3F1A2622E4008EC115 /* t.png in Resources */,
				F5EFA20F1A250D3900307D37 /* sp.png in Resources */,
				F513E9391A279AC900499F59 /* t1.png in Resources */,
				F547F39A1A22211D00DDFD18 /* coolArt.bmp in Resources */,
			);
			runOnlyForDeploymentPostprocessing = 0;
		};
/* End PBXResourcesBuildPhase section */

/* Begin PBXSourcesBuildPhase section */
		F547F35F1A221E7000DDFD18 /* Sources */ = {
			isa = PBXSourcesBuildPhase;
			buildActionMask = 2147483647;
			files = (
				F547F3B01A22219000DDFD18 /* TileMap.cpp in Sources */,
				F51637721A271F9B00BE0515 /* Particle.cpp in Sources */,
				F547F3AA1A22216100DDFD18 /* Scene.cpp in Sources */,
				F547F3941A2220B100DDFD18 /* Camera.cpp in Sources */,
				F547F3A51A22214B00DDFD18 /* jsoncpp.cpp in Sources */,
				F547F39C1A22212700DDFD18 /* GameManager.cpp in Sources */,
				F57A9BCE1A25C1130015F8A4 /* EventHandler.cpp in Sources */,
				F547F3A71A22215500DDFD18 /* main.cpp in Sources */,
				F547F3A01A22213E00DDFD18 /* GameObject.cpp in Sources */,
				F547F3B71A2221A700DDFD18 /* Vector2.cpp in Sources */,
				F5CE661F1A276B2400DCE979 /* ParticleEmitter.cpp in Sources */,
				F547F3AD1A22217100DDFD18 /* TextureManager.cpp in Sources */,
			);
			runOnlyForDeploymentPostprocessing = 0;
		};
/* End PBXSourcesBuildPhase section */

/* Begin XCBuildConfiguration section */
		F547F37E1A221E7000DDFD18 /* Debug */ = {
			isa = XCBuildConfiguration;
			buildSettings = {
				ALWAYS_SEARCH_USER_PATHS = NO;
				CLANG_CXX_LANGUAGE_STANDARD = "gnu++0x";
				CLANG_CXX_LIBRARY = "libc++";
				CLANG_ENABLE_MODULES = YES;
				CLANG_ENABLE_OBJC_ARC = YES;
				CLANG_WARN_BOOL_CONVERSION = YES;
				CLANG_WARN_CONSTANT_CONVERSION = YES;
				CLANG_WARN_DIRECT_OBJC_ISA_USAGE = YES_ERROR;
				CLANG_WARN_EMPTY_BODY = YES;
				CLANG_WARN_ENUM_CONVERSION = YES;
				CLANG_WARN_INT_CONVERSION = YES;
				CLANG_WARN_OBJC_ROOT_CLASS = YES_ERROR;
				CLANG_WARN_UNREACHABLE_CODE = YES;
				CLANG_WARN__DUPLICATE_METHOD_MATCH = YES;
				CODE_SIGN_IDENTITY = "-";
				COPY_PHASE_STRIP = NO;
				ENABLE_STRICT_OBJC_MSGSEND = YES;
				GCC_C_LANGUAGE_STANDARD = gnu99;
				GCC_DYNAMIC_NO_PIC = NO;
				GCC_OPTIMIZATION_LEVEL = 0;
				GCC_PREPROCESSOR_DEFINITIONS = (
					"DEBUG=1",
					"$(inherited)",
				);
				GCC_SYMBOLS_PRIVATE_EXTERN = NO;
				GCC_WARN_64_TO_32_BIT_CONVERSION = YES;
				GCC_WARN_ABOUT_RETURN_TYPE = YES_ERROR;
				GCC_WARN_UNDECLARED_SELECTOR = YES;
				GCC_WARN_UNINITIALIZED_AUTOS = YES_AGGRESSIVE;
				GCC_WARN_UNUSED_FUNCTION = YES;
				GCC_WARN_UNUSED_VARIABLE = YES;
				MACOSX_DEPLOYMENT_TARGET = 10.10;
				MTL_ENABLE_DEBUG_INFO = YES;
				ONLY_ACTIVE_ARCH = YES;
				SDKROOT = macosx;
			};
			name = Debug;
		};
		F547F37F1A221E7000DDFD18 /* Release */ = {
			isa = XCBuildConfiguration;
			buildSettings = {
				ALWAYS_SEARCH_USER_PATHS = NO;
				CLANG_CXX_LANGUAGE_STANDARD = "gnu++0x";
				CLANG_CXX_LIBRARY = "libc++";
				CLANG_ENABLE_MODULES = YES;
				CLANG_ENABLE_OBJC_ARC = YES;
				CLANG_WARN_BOOL_CONVERSION = YES;
				CLANG_WARN_CONSTANT_CONVERSION = YES;
				CLANG_WARN_DIRECT_OBJC_ISA_USAGE = YES_ERROR;
				CLANG_WARN_EMPTY_BODY = YES;
				CLANG_WARN_ENUM_CONVERSION = YES;
				CLANG_WARN_INT_CONVERSION = YES;
				CLANG_WARN_OBJC_ROOT_CLASS = YES_ERROR;
				CLANG_WARN_UNREACHABLE_CODE = YES;
				CLANG_WARN__DUPLICATE_METHOD_MATCH = YES;
				CODE_SIGN_IDENTITY = "-";
				COPY_PHASE_STRIP = YES;
				DEBUG_INFORMATION_FORMAT = "dwarf-with-dsym";
				ENABLE_NS_ASSERTIONS = NO;
				ENABLE_STRICT_OBJC_MSGSEND = YES;
				GCC_C_LANGUAGE_STANDARD = gnu99;
				GCC_WARN_64_TO_32_BIT_CONVERSION = YES;
				GCC_WARN_ABOUT_RETURN_TYPE = YES_ERROR;
				GCC_WARN_UNDECLARED_SELECTOR = YES;
				GCC_WARN_UNINITIALIZED_AUTOS = YES_AGGRESSIVE;
				GCC_WARN_UNUSED_FUNCTION = YES;
				GCC_WARN_UNUSED_VARIABLE = YES;
				MACOSX_DEPLOYMENT_TARGET = 10.10;
				MTL_ENABLE_DEBUG_INFO = NO;
				SDKROOT = macosx;
			};
			name = Release;
		};
		F547F3811A221E7000DDFD18 /* Debug */ = {
			isa = XCBuildConfiguration;
			buildSettings = {
				COMBINE_HIDPI_IMAGES = YES;
				FRAMEWORK_SEARCH_PATHS = (
					"$(inherited)",
					"$(LOCAL_LIBRARY_DIR)/Frameworks",
				);
				INFOPLIST_FILE = GameEngine/Info.plist;
				LD_RUNPATH_SEARCH_PATHS = "$(inherited) @executable_path/../Frameworks";
				PRODUCT_NAME = "$(TARGET_NAME)";
			};
			name = Debug;
		};
		F547F3821A221E7000DDFD18 /* Release */ = {
			isa = XCBuildConfiguration;
			buildSettings = {
				COMBINE_HIDPI_IMAGES = YES;
				FRAMEWORK_SEARCH_PATHS = (
					"$(inherited)",
					"$(LOCAL_LIBRARY_DIR)/Frameworks",
				);
				INFOPLIST_FILE = GameEngine/Info.plist;
				LD_RUNPATH_SEARCH_PATHS = "$(inherited) @executable_path/../Frameworks";
				PRODUCT_NAME = "$(TARGET_NAME)";
			};
			name = Release;
		};
/* End XCBuildConfiguration section */

/* Begin XCConfigurationList section */
		F547F35E1A221E7000DDFD18 /* Build configuration list for PBXProject "GameEngine" */ = {
			isa = XCConfigurationList;
			buildConfigurations = (
				F547F37E1A221E7000DDFD18 /* Debug */,
				F547F37F1A221E7000DDFD18 /* Release */,
			);
			defaultConfigurationIsVisible = 0;
			defaultConfigurationName = Release;
		};
		F547F3801A221E7000DDFD18 /* Build configuration list for PBXNativeTarget "GameEngine" */ = {
			isa = XCConfigurationList;
			buildConfigurations = (
				F547F3811A221E7000DDFD18 /* Debug */,
				F547F3821A221E7000DDFD18 /* Release */,
			);
			defaultConfigurationIsVisible = 0;
			defaultConfigurationName = Release;
		};
/* End XCConfigurationList section */
	};
	rootObject = F547F35B1A221E7000DDFD18 /* Project object */;
}
